
Microsoft Visual Studio Solution File, Format Version 12.00
# Visual Studio Version 17
VisualStudioVersion = 17.8.34408.163
MinimumVisualStudioVersion = 10.0.40219.1
Project("{9A19103F-16F7-4668-BE54-9A1E7A4F7556}") = "Bookify.Domain", "src\Bookify.Domain\Bookify.Domain.csproj", "{65709144-D7E2-4381-8718-9AB07B3A6632}"
EndProject
Project("{2150E333-8FDC-42A3-9474-1A3956D46DE8}") = "src", "src", "{5041073C-11D3-4798-BF52-586C6F95C29D}"
EndProject
Project("{2150E333-8FDC-42A3-9474-1A3956D46DE8}") = "test", "test", "{2F716617-2337-4142-A9D9-75E625FA4EA6}"
EndProject
Project("{9A19103F-16F7-4668-BE54-9A1E7A4F7556}") = "Bookify.Application", "src\Bookify.Application\Bookify.Application.csproj", "{47CB5C1F-D64D-49E2-B475-9F92155C3D78}"
EndProject
Project("{9A19103F-16F7-4668-BE54-9A1E7A4F7556}") = "Bookify.Infrastructure", "src\Bookify.Infrastructure\Bookify.Infrastructure.csproj", "{B8C9739D-3212-4735-82E1-FE505AD6E2C9}"
EndProject
Project("{9A19103F-16F7-4668-BE54-9A1E7A4F7556}") = "Bookify.Api", "src\Bookify.Api\Bookify.Api.csproj", "{586CC5A4-7F1C-44B0-877B-ABC8C8F585FD}"
EndProject
Project("{E53339B2-1760-4266-BCC7-CA923CBCF16C}") = "docker-compose", "docker-compose.dcproj", "{EF31981D-2638-43F4-8ABA-E029D379BAE8}"
EndProject
Project("{9A19103F-16F7-4668-BE54-9A1E7A4F7556}") = "Bookify.Domain.UnitTests", "test\Bookify.Domain.UnitTests\Bookify.Domain.UnitTests.csproj", "{4D7073CF-0318-4C39-A931-E77A839F9F11}"
EndProject
Global
	GlobalSection(SolutionConfigurationPlatforms) = preSolution
		Debug|Any CPU = Debug|Any CPU
		Release|Any CPU = Release|Any CPU
	EndGlobalSection
	GlobalSection(ProjectConfigurationPlatforms) = postSolution
		{65709144-D7E2-4381-8718-9AB07B3A6632}.Debug|Any CPU.ActiveCfg = Debug|Any CPU
		{65709144-D7E2-4381-8718-9AB07B3A6632}.Debug|Any CPU.Build.0 = Debug|Any CPU
		{65709144-D7E2-4381-8718-9AB07B3A6632}.Release|Any CPU.ActiveCfg = Release|Any CPU
		{65709144-D7E2-4381-8718-9AB07B3A6632}.Release|Any CPU.Build.0 = Release|Any CPU
		{47CB5C1F-D64D-49E2-B475-9F92155C3D78}.Debug|Any CPU.ActiveCfg = Debug|Any CPU
		{47CB5C1F-D64D-49E2-B475-9F92155C3D78}.Debug|Any CPU.Build.0 = Debug|Any CPU
		{47CB5C1F-D64D-49E2-B475-9F92155C3D78}.Release|Any CPU.ActiveCfg = Release|Any CPU
		{47CB5C1F-D64D-49E2-B475-9F92155C3D78}.Release|Any CPU.Build.0 = Release|Any CPU
		{B8C9739D-3212-4735-82E1-FE505AD6E2C9}.Debug|Any CPU.ActiveCfg = Debug|Any CPU
		{B8C9739D-3212-4735-82E1-FE505AD6E2C9}.Debug|Any CPU.Build.0 = Debug|Any CPU
		{B8C9739D-3212-4735-82E1-FE505AD6E2C9}.Release|Any CPU.ActiveCfg = Release|Any CPU
		{B8C9739D-3212-4735-82E1-FE505AD6E2C9}.Release|Any CPU.Build.0 = Release|Any CPU
		{586CC5A4-7F1C-44B0-877B-ABC8C8F585FD}.Debug|Any CPU.ActiveCfg = Debug|Any CPU
		{586CC5A4-7F1C-44B0-877B-ABC8C8F585FD}.Debug|Any CPU.Build.0 = Debug|Any CPU
		{586CC5A4-7F1C-44B0-877B-ABC8C8F585FD}.Release|Any CPU.ActiveCfg = Release|Any CPU
		{586CC5A4-7F1C-44B0-877B-ABC8C8F585FD}.Release|Any CPU.Build.0 = Release|Any CPU
		{EF31981D-2638-43F4-8ABA-E029D379BAE8}.Debug|Any CPU.ActiveCfg = Debug|Any CPU
		{EF31981D-2638-43F4-8ABA-E029D379BAE8}.Debug|Any CPU.Build.0 = Debug|Any CPU
		{EF31981D-2638-43F4-8ABA-E029D379BAE8}.Release|Any CPU.ActiveCfg = Release|Any CPU
		{EF31981D-2638-43F4-8ABA-E029D379BAE8}.Release|Any CPU.Build.0 = Release|Any CPU
		{4D7073CF-0318-4C39-A931-E77A839F9F11}.Debug|Any CPU.ActiveCfg = Debug|Any CPU
		{4D7073CF-0318-4C39-A931-E77A839F9F11}.Debug|Any CPU.Build.0 = Debug|Any CPU
		{4D7073CF-0318-4C39-A931-E77A839F9F11}.Release|Any CPU.ActiveCfg = Release|Any CPU
		{4D7073CF-0318-4C39-A931-E77A839F9F11}.Release|Any CPU.Build.0 = Release|Any CPU
	EndGlobalSection
	GlobalSection(SolutionProperties) = preSolution
		HideSolutionNode = FALSE
	EndGlobalSection
	GlobalSection(NestedProjects) = preSolution
		{65709144-D7E2-4381-8718-9AB07B3A6632} = {5041073C-11D3-4798-BF52-586C6F95C29D}
		{47CB5C1F-D64D-49E2-B475-9F92155C3D78} = {5041073C-11D3-4798-BF52-586C6F95C29D}
		{B8C9739D-3212-4735-82E1-FE505AD6E2C9} = {5041073C-11D3-4798-BF52-586C6F95C29D}
		{586CC5A4-7F1C-44B0-877B-ABC8C8F585FD} = {5041073C-11D3-4798-BF52-586C6F95C29D}
		{4D7073CF-0318-4C39-A931-E77A839F9F11} = {2F716617-2337-4142-A9D9-75E625FA4EA6}
	EndGlobalSection
	GlobalSection(ExtensibilityGlobals) = postSolution
		SolutionGuid = {D9FF9CEA-449A-48B7-A7D5-010EEEEDA4A4}
	EndGlobalSection
EndGlobal
